
Microsoft Visual Studio Solution File, Format Version 12.00
# Visual Studio Version 17
VisualStudioVersion = 17.14.37216.2 d17.14
MinimumVisualStudioVersion = 10.0.40219.1
Project("{FAE04EC0-301F-11D3-BF4B-00C04F79EFBC}") = "Hospital-Management-System", "Hospital-Management-System\Hospital-Management-System.csproj", "{F204270A-20CF-4733-8FAC-5817348E1393}"
EndProject
Global
	GlobalSection(SolutionConfigurationPlatforms) = preSolution
		Debug|Any CPU = Debug|Any CPU
		Release|Any CPU = Release|Any CPU
	EndGlobalSection
	GlobalSection(ProjectConfigurationPlatforms) = postSolution
		{F204270A-20CF-4733-8FAC-5817348E1393}.Debug|Any CPU.ActiveCfg = Debug|Any CPU
		{F204270A-20CF-4733-8FAC-5817348E1393}.Debug|Any CPU.Build.0 = Debug|Any CPU
		{F204270A-20CF-4733-8FAC-5817348E1393}.Release|Any CPU.ActiveCfg = Release|Any CPU
		{F204270A-20CF-4733-8FAC-5817348E1393}.Release|Any CPU.Build.0 = Release|Any CPU
	EndGlobalSection
	GlobalSection(SolutionProperties) = preSolution
		HideSolutionNode = FALSE
	EndGlobalSection
	GlobalSection(ExtensibilityGlobals) = postSolution
		SolutionGuid = {C002672C-A88E-4FB2-A7E8-82ACACFB7B8A}
	EndGlobalSection
EndGlobal
